
Microsoft Visual Studio Solution File, Format Version 12.00
# Visual Studio 15
VisualStudioVersion = 15.0.27703.2000
MinimumVisualStudioVersion = 10.0.40219.1
Project("{FAE04EC0-301F-11D3-BF4B-00C04F79EFBC}") = "Sales.Android", "Sales\Sales.Android\Sales.Android.csproj", "{28370E8A-079C-4912-86FE-E51756FDA0C9}"
EndProject
Project("{FAE04EC0-301F-11D3-BF4B-00C04F79EFBC}") = "Sales.iOS", "Sales\Sales.iOS\Sales.iOS.csproj", "{A394C035-B146-430E-90AE-6EF9DB8FCA4A}"
EndProject
Project("{FAE04EC0-301F-11D3-BF4B-00C04F79EFBC}") = "Sales.UWP", "Sales\Sales.UWP\Sales.UWP.csproj", "{4973A5B3-8A67-424B-B66C-B2B0235F5568}"
EndProject
Project("{9A19103F-16F7-4668-BE54-9A1E7A4F7556}") = "Sales", "Sales\Sales\Sales.csproj", "{78C9BA08-7934-4321-8AF2-4E449FCC6AD4}"
EndProject
Project("{FAE04EC0-301F-11D3-BF4B-00C04F79EFBC}") = "Sales.Backend", "Sales.Backend\Sales.Backend.csproj", "{6FEDB929-89DA-475E-981B-BD883004A7FC}"
EndProject
Project("{FAE04EC0-301F-11D3-BF4B-00C04F79EFBC}") = "Sales.API", "Sales.API\Sales.API.csproj", "{9E9A9CC5-54A9-4CDD-BFD2-21F3B7066E01}"
EndProject
Project("{FAE04EC0-301F-11D3-BF4B-00C04F79EFBC}") = "Sales.Domain", "Sales.Domain\Sales.Domain.csproj", "{01EB1650-378C-4367-A980-0C4AC7D9C786}"
EndProject
Project("{FAE04EC0-301F-11D3-BF4B-00C04F79EFBC}") = "Sales.Common", "Sales.Common\Sales.Common.csproj", "{DC96E41B-E07E-49DC-88D9-073758821EEA}"
EndProject
Global
	GlobalSection(SolutionConfigurationPlatforms) = preSolution
		Ad-Hoc|Any CPU = Ad-Hoc|Any CPU
		Ad-Hoc|ARM = Ad-Hoc|ARM
		Ad-Hoc|iPhone = Ad-Hoc|iPhone
		Ad-Hoc|iPhoneSimulator = Ad-Hoc|iPhoneSimulator
		Ad-Hoc|x64 = Ad-Hoc|x64
		Ad-Hoc|x86 = Ad-Hoc|x86
		AppStore|Any CPU = AppStore|Any CPU
		AppStore|ARM = AppStore|ARM
		AppStore|iPhone = AppStore|iPhone
		AppStore|iPhoneSimulator = AppStore|iPhoneSimulator
		AppStore|x64 = AppStore|x64
		AppStore|x86 = AppStore|x86
		Debug|Any CPU = Debug|Any CPU
		Debug|ARM = Debug|ARM
		Debug|iPhone = Debug|iPhone
		Debug|iPhoneSimulator = Debug|iPhoneSimulator
		Debug|x64 = Debug|x64
		Debug|x86 = Debug|x86
		Release|Any CPU = Release|Any CPU
		Release|ARM = Release|ARM
		Release|iPhone = Release|iPhone
		Release|iPhoneSimulator = Release|iPhoneSimulator
		Release|x64 = Release|x64
		Release|x86 = Release|x86
	EndGlobalSection
	GlobalSection(ProjectConfigurationPlatforms) = postSolution
		{28370E8A-079C-4912-86FE-E51756FDA0C9}.Ad-Hoc|Any CPU.ActiveCfg = Release|Any CPU
		{28370E8A-079C-4912-86FE-E51756FDA0C9}.Ad-Hoc|Any CPU.Build.0 = Release|Any CPU
		{28370E8A-079C-4912-86FE-E51756FDA0C9}.Ad-Hoc|Any CPU.Deploy.0 = Release|Any CPU
		{28370E8A-079C-4912-86FE-E51756FDA0C9}.Ad-Hoc|ARM.ActiveCfg = Release|Any CPU
		{28370E8A-079C-4912-86FE-E51756FDA0C9}.Ad-Hoc|ARM.Build.0 = Release|Any CPU
		{28370E8A-079C-4912-86FE-E51756FDA0C9}.Ad-Hoc|ARM.Deploy.0 = Release|Any CPU
		{28370E8A-079C-4912-86FE-E51756FDA0C9}.Ad-Hoc|iPhone.ActiveCfg = Release|Any CPU
		{28370E8A-079C-4912-86FE-E51756FDA0C9}.Ad-Hoc|iPhone.Build.0 = Release|Any CPU
		{28370E8A-079C-4912-86FE-E51756FDA0C9}.Ad-Hoc|iPhone.Deploy.0 = Release|Any CPU
		{28370E8A-079C-4912-86FE-E51756FDA0C9}.Ad-Hoc|iPhoneSimulator.ActiveCfg = Release|Any CPU
		{28370E8A-079C-4912-86FE-E51756FDA0C9}.Ad-Hoc|iPhoneSimulator.Build.0 = Release|Any CPU
		{28370E8A-079C-4912-86FE-E51756FDA0C9}.Ad-Hoc|iPhoneSimulator.Deploy.0 = Release|Any CPU
		{28370E8A-079C-4912-86FE-E51756FDA0C9}.Ad-Hoc|x64.ActiveCfg = Release|Any CPU
		{28370E8A-079C-4912-86FE-E51756FDA0C9}.Ad-Hoc|x64.Build.0 = Release|Any CPU
		{28370E8A-079C-4912-86FE-E51756FDA0C9}.Ad-Hoc|x64.Deploy.0 = Release|Any CPU
		{28370E8A-079C-4912-86FE-E51756FDA0C9}.Ad-Hoc|x86.ActiveCfg = Release|Any CPU
		{28370E8A-079C-4912-86FE-E51756FDA0C9}.Ad-Hoc|x86.Build.0 = Release|Any CPU
		{28370E8A-079C-4912-86FE-E51756FDA0C9}.Ad-Hoc|x86.Deploy.0 = Release|Any CPU
		{28370E8A-079C-4912-86FE-E51756FDA0C9}.AppStore|Any CPU.ActiveCfg = Release|Any CPU
		{28370E8A-079C-4912-86FE-E51756FDA0C9}.AppStore|Any CPU.Build.0 = Release|Any CPU
		{28370E8A-079C-4912-86FE-E51756FDA0C9}.AppStore|Any CPU.Deploy.0 = Release|Any CPU
		{28370E8A-079C-4912-86FE-E51756FDA0C9}.AppStore|ARM.ActiveCfg = Release|Any CPU
		{28370E8A-079C-4912-86FE-E51756FDA0C9}.AppStore|ARM.Build.0 = Release|Any CPU
		{28370E8A-079C-4912-86FE-E51756FDA0C9}.AppStore|ARM.Deploy.0 = Release|Any CPU
		{28370E8A-079C-4912-86FE-E51756FDA0C9}.AppStore|iPhone.ActiveCfg = Release|Any CPU
		{28370E8A-079C-4912-86FE-E51756FDA0C9}.AppStore|iPhone.Build.0 = Release|Any CPU
		{28370E8A-079C-4912-86FE-E51756FDA0C9}.AppStore|iPhone.Deploy.0 = Release|Any CPU
		{28370E8A-079C-4912-86FE-E51756FDA0C9}.AppStore|iPhoneSimulator.ActiveCfg = Release|Any CPU
		{28370E8A-079C-4912-86FE-E51756FDA0C9}.AppStore|iPhoneSimulator.Build.0 = Release|Any CPU
		{28370E8A-079C-4912-86FE-E51756FDA0C9}.AppStore|iPhoneSimulator.Deploy.0 = Release|Any CPU
		{28370E8A-079C-4912-86FE-E51756FDA0C9}.AppStore|x64.ActiveCfg = Release|Any CPU
		{28370E8A-079C-4912-86FE-E51756FDA0C9}.AppStore|x64.Build.0 = Release|Any CPU
		{28370E8A-079C-4912-86FE-E51756FDA0C9}.AppStore|x64.Deploy.0 = Release|Any CPU
		{28370E8A-079C-4912-86FE-E51756FDA0C9}.AppStore|x86.ActiveCfg = Release|Any CPU
		{28370E8A-079C-4912-86FE-E51756FDA0C9}.AppStore|x86.Build.0 = Release|Any CPU
		{28370E8A-079C-4912-86FE-E51756FDA0C9}.AppStore|x86.Deploy.0 = Release|Any CPU
		{28370E8A-079C-4912-86FE-E51756FDA0C9}.Debug|Any CPU.ActiveCfg = Debug|Any CPU
		{28370E8A-079C-4912-86FE-E51756FDA0C9}.Debug|Any CPU.Build.0 = Debug|Any CPU
		{28370E8A-079C-4912-86FE-E51756FDA0C9}.Debug|Any CPU.Deploy.0 = Debug|Any CPU
		{28370E8A-079C-4912-86FE-E51756FDA0C9}.Debug|ARM.ActiveCfg = Debug|Any CPU
		{28370E8A-079C-4912-86FE-E51756FDA0C9}.Debug|ARM.Build.0 = Debug|Any CPU
		{28370E8A-079C-4912-86FE-E51756FDA0C9}.Debug|ARM.Deploy.0 = Debug|Any CPU
		{28370E8A-079C-4912-86FE-E51756FDA0C9}.Debug|iPhone.ActiveCfg = Debug|Any CPU
		{28370E8A-079C-4912-86FE-E51756FDA0C9}.Debug|iPhone.Build.0 = Debug|Any CPU
		{28370E8A-079C-4912-86FE-E51756FDA0C9}.Debug|iPhone.Deploy.0 = Debug|Any CPU
		{28370E8A-079C-4912-86FE-E51756FDA0C9}.Debug|iPhoneSimulator.ActiveCfg = Debug|Any CPU
		{28370E8A-079C-4912-86FE-E51756FDA0C9}.Debug|iPhoneSimulator.Build.0 = Debug|Any CPU
		{28370E8A-079C-4912-86FE-E51756FDA0C9}.Debug|iPhoneSimulator.Deploy.0 = Debug|Any CPU
		{28370E8A-079C-4912-86FE-E51756FDA0C9}.Debug|x64.ActiveCfg = Debug|Any CPU
		{28370E8A-079C-4912-86FE-E51756FDA0C9}.Debug|x64.Build.0 = Debug|Any CPU
		{28370E8A-079C-4912-86FE-E51756FDA0C9}.Debug|x64.Deploy.0 = Debug|Any CPU
		{28370E8A-079C-4912-86FE-E51756FDA0C9}.Debug|x86.ActiveCfg = Debug|Any CPU
		{28370E8A-079C-4912-86FE-E51756FDA0C9}.Debug|x86.Build.0 = Debug|Any CPU
		{28370E8A-079C-4912-86FE-E51756FDA0C9}.Debug|x86.Deploy.0 = Debug|Any CPU
		{28370E8A-079C-4912-86FE-E51756FDA0C9}.Release|Any CPU.ActiveCfg = Release|Any CPU
		{28370E8A-079C-4912-86FE-E51756FDA0C9}.Release|Any CPU.Build.0 = Release|Any CPU
		{28370E8A-079C-4912-86FE-E51756FDA0C9}.Release|Any CPU.Deploy.0 = Release|Any CPU
		{28370E8A-079C-4912-86FE-E51756FDA0C9}.Release|ARM.ActiveCfg = Release|Any CPU
		{28370E8A-079C-4912-86FE-E51756FDA0C9}.Release|ARM.Build.0 = Release|Any CPU
		{28370E8A-079C-4912-86FE-E51756FDA0C9}.Release|ARM.Deploy.0 = Release|Any CPU
		{28370E8A-079C-4912-86FE-E51756FDA0C9}.Release|iPhone.ActiveCfg = Release|Any CPU
		{28370E8A-079C-4912-86FE-E51756FDA0C9}.Release|iPhone.Build.0 = Release|Any CPU
		{28370E8A-079C-4912-86FE-E51756FDA0C9}.Release|iPhone.Deploy.0 = Release|Any CPU
		{28370E8A-079C-4912-86FE-E51756FDA0C9}.Release|iPhoneSimulator.ActiveCfg = Release|Any CPU
		{28370E8A-079C-4912-86FE-E51756FDA0C9}.Release|iPhoneSimulator.Build.0 = Release|Any CPU
		{28370E8A-079C-4912-86FE-E51756FDA0C9}.Release|iPhoneSimulator.Deploy.0 = Release|Any CPU
		{28370E8A-079C-4912-86FE-E51756FDA0C9}.Release|x64.ActiveCfg = Release|Any CPU
		{28370E8A-079C-4912-86FE-E51756FDA0C9}.Release|x64.Build.0 = Release|Any CPU
		{28370E8A-079C-4912-86FE-E51756FDA0C9}.Release|x64.Deploy.0 = Release|Any CPU
		{28370E8A-079C-4912-86FE-E51756FDA0C9}.Release|x86.ActiveCfg = Release|Any CPU
		{28370E8A-079C-4912-86FE-E51756FDA0C9}.Release|x86.Build.0 = Release|Any CPU
		{28370E8A-079C-4912-86FE-E51756FDA0C9}.Release|x86.Deploy.0 = Release|Any CPU
		{A394C035-B146-430E-90AE-6EF9DB8FCA4A}.Ad-Hoc|Any CPU.ActiveCfg = Ad-Hoc|iPhone
		{A394C035-B146-430E-90AE-6EF9DB8FCA4A}.Ad-Hoc|Any CPU.Build.0 = Ad-Hoc|iPhone
		{A394C035-B146-430E-90AE-6EF9DB8FCA4A}.Ad-Hoc|Any CPU.Deploy.0 = Ad-Hoc|iPhone
		{A394C035-B146-430E-90AE-6EF9DB8FCA4A}.Ad-Hoc|ARM.ActiveCfg = Ad-Hoc|iPhone
		{A394C035-B146-430E-90AE-6EF9DB8FCA4A}.Ad-Hoc|ARM.Build.0 = Ad-Hoc|iPhone
		{A394C035-B146-430E-90AE-6EF9DB8FCA4A}.Ad-Hoc|ARM.Deploy.0 = Ad-Hoc|iPhone
		{A394C035-B146-430E-90AE-6EF9DB8FCA4A}.Ad-Hoc|iPhone.ActiveCfg = Ad-Hoc|iPhone
		{A394C035-B146-430E-90AE-6EF9DB8FCA4A}.Ad-Hoc|iPhone.Build.0 = Ad-Hoc|iPhone
		{A394C035-B146-430E-90AE-6EF9DB8FCA4A}.Ad-Hoc|iPhone.Deploy.0 = Ad-Hoc|iPhone
		{A394C035-B146-430E-90AE-6EF9DB8FCA4A}.Ad-Hoc|iPhoneSimulator.ActiveCfg = Ad-Hoc|iPhoneSimulator
		{A394C035-B146-430E-90AE-6EF9DB8FCA4A}.Ad-Hoc|iPhoneSimulator.Build.0 = Ad-Hoc|iPhoneSimulator
		{A394C035-B146-430E-90AE-6EF9DB8FCA4A}.Ad-Hoc|iPhoneSimulator.Deploy.0 = Ad-Hoc|iPhoneSimulator
		{A394C035-B146-430E-90AE-6EF9DB8FCA4A}.Ad-Hoc|x64.ActiveCfg = Ad-Hoc|iPhone
		{A394C035-B146-430E-90AE-6EF9DB8FCA4A}.Ad-Hoc|x64.Build.0 = Ad-Hoc|iPhone
		{A394C035-B146-430E-90AE-6EF9DB8FCA4A}.Ad-Hoc|x64.Deploy.0 = Ad-Hoc|iPhone
		{A394C035-B146-430E-90AE-6EF9DB8FCA4A}.Ad-Hoc|x86.ActiveCfg = Ad-Hoc|iPhone
		{A394C035-B146-430E-90AE-6EF9DB8FCA4A}.Ad-Hoc|x86.Build.0 = Ad-Hoc|iPhone
		{A394C035-B146-430E-90AE-6EF9DB8FCA4A}.Ad-Hoc|x86.Deploy.0 = Ad-Hoc|iPhone
		{A394C035-B146-430E-90AE-6EF9DB8FCA4A}.AppStore|Any CPU.ActiveCfg = AppStore|iPhone
		{A394C035-B146-430E-90AE-6EF9DB8FCA4A}.AppStore|Any CPU.Build.0 = AppStore|iPhone
		{A394C035-B146-430E-90AE-6EF9DB8FCA4A}.AppStore|Any CPU.Deploy.0 = AppStore|iPhone
		{A394C035-B146-430E-90AE-6EF9DB8FCA4A}.AppStore|ARM.ActiveCfg = AppStore|iPhone
		{A394C035-B146-430E-90AE-6EF9DB8FCA4A}.AppStore|ARM.Build.0 = AppStore|iPhone
		{A394C035-B146-430E-90AE-6EF9DB8FCA4A}.AppStore|ARM.Deploy.0 = AppStore|iPhone
		{A394C035-B146-430E-90AE-6EF9DB8FCA4A}.AppStore|iPhone.ActiveCfg = AppStore|iPhone
		{A394C035-B146-430E-90AE-6EF9DB8FCA4A}.AppStore|iPhone.Build.0 = AppStore|iPhone
		{A394C035-B146-430E-90AE-6EF9DB8FCA4A}.AppStore|iPhone.Deploy.0 = AppStore|iPhone
		{A394C035-B146-430E-90AE-6EF9DB8FCA4A}.AppStore|iPhoneSimulator.ActiveCfg = AppStore|iPhoneSimulator
		{A394C035-B146-430E-90AE-6EF9DB8FCA4A}.AppStore|iPhoneSimulator.Build.0 = AppStore|iPhoneSimulator
		{A394C035-B146-430E-90AE-6EF9DB8FCA4A}.AppStore|iPhoneSimulator.Deploy.0 = AppStore|iPhoneSimulator
		{A394C035-B146-430E-90AE-6EF9DB8FCA4A}.AppStore|x64.ActiveCfg = AppStore|iPhone
		{A394C035-B146-430E-90AE-6EF9DB8FCA4A}.AppStore|x64.Build.0 = AppStore|iPhone
		{A394C035-B146-430E-90AE-6EF9DB8FCA4A}.AppStore|x64.Deploy.0 = AppStore|iPhone
		{A394C035-B146-430E-90AE-6EF9DB8FCA4A}.AppStore|x86.ActiveCfg = AppStore|iPhone
		{A394C035-B146-430E-90AE-6EF9DB8FCA4A}.AppStore|x86.Build.0 = AppStore|iPhone
		{A394C035-B146-430E-90AE-6EF9DB8FCA4A}.AppStore|x86.Deploy.0 = AppStore|iPhone
		{A394C035-B146-430E-90AE-6EF9DB8FCA4A}.Debug|Any CPU.ActiveCfg = Debug|iPhoneSimulator
		{A394C035-B146-430E-90AE-6EF9DB8FCA4A}.Debug|Any CPU.Build.0 = Debug|iPhoneSimulator
		{A394C035-B146-430E-90AE-6EF9DB8FCA4A}.Debug|Any CPU.Deploy.0 = Debug|iPhoneSimulator
		{A394C035-B146-430E-90AE-6EF9DB8FCA4A}.Debug|ARM.ActiveCfg = Debug|iPhone
		{A394C035-B146-430E-90AE-6EF9DB8FCA4A}.Debug|ARM.Build.0 = Debug|iPhone
		{A394C035-B146-430E-90AE-6EF9DB8FCA4A}.Debug|ARM.Deploy.0 = Debug|iPhone
		{A394C035-B146-430E-90AE-6EF9DB8FCA4A}.Debug|iPhone.ActiveCfg = Debug|iPhone
		{A394C035-B146-430E-90AE-6EF9DB8FCA4A}.Debug|iPhone.Build.0 = Debug|iPhone
		{A394C035-B146-430E-90AE-6EF9DB8FCA4A}.Debug|iPhone.Deploy.0 = Debug|iPhone
		{A394C035-B146-430E-90AE-6EF9DB8FCA4A}.Debug|iPhoneSimulator.ActiveCfg = Debug|iPhoneSimulator
		{A394C035-B146-430E-90AE-6EF9DB8FCA4A}.Debug|iPhoneSimulator.Build.0 = Debug|iPhoneSimulator
		{A394C035-B146-430E-90AE-6EF9DB8FCA4A}.Debug|iPhoneSimulator.Deploy.0 = Debug|iPhoneSimulator
		{A394C035-B146-430E-90AE-6EF9DB8FCA4A}.Debug|x64.ActiveCfg = Debug|iPhone
		{A394C035-B146-430E-90AE-6EF9DB8FCA4A}.Debug|x64.Build.0 = Debug|iPhone
		{A394C035-B146-430E-90AE-6EF9DB8FCA4A}.Debug|x64.Deploy.0 = Debug|iPhone
		{A394C035-B146-430E-90AE-6EF9DB8FCA4A}.Debug|x86.ActiveCfg = Debug|iPhone
		{A394C035-B146-430E-90AE-6EF9DB8FCA4A}.Debug|x86.Build.0 = Debug|iPhone
		{A394C035-B146-430E-90AE-6EF9DB8FCA4A}.Debug|x86.Deploy.0 = Debug|iPhone
		{A394C035-B146-430E-90AE-6EF9DB8FCA4A}.Release|Any CPU.ActiveCfg = Release|iPhone
		{A394C035-B146-430E-90AE-6EF9DB8FCA4A}.Release|Any CPU.Build.0 = Release|iPhone
		{A394C035-B146-430E-90AE-6EF9DB8FCA4A}.Release|Any CPU.Deploy.0 = Release|iPhone
		{A394C035-B146-430E-90AE-6EF9DB8FCA4A}.Release|ARM.ActiveCfg = Release|iPhone
		{A394C035-B146-430E-90AE-6EF9DB8FCA4A}.Release|ARM.Build.0 = Release|iPhone
		{A394C035-B146-430E-90AE-6EF9DB8FCA4A}.Release|ARM.Deploy.0 = Release|iPhone
		{A394C035-B146-430E-90AE-6EF9DB8FCA4A}.Release|iPhone.ActiveCfg = Release|iPhone
		{A394C035-B146-430E-90AE-6EF9DB8FCA4A}.Release|iPhone.Build.0 = Release|iPhone
		{A394C035-B146-430E-90AE-6EF9DB8FCA4A}.Release|iPhone.Deploy.0 = Release|iPhone
		{A394C035-B146-430E-90AE-6EF9DB8FCA4A}.Release|iPhoneSimulator.ActiveCfg = Release|iPhoneSimulator
		{A394C035-B146-430E-90AE-6EF9DB8FCA4A}.Release|iPhoneSimulator.Build.0 = Release|iPhoneSimulator
		{A394C035-B146-430E-90AE-6EF9DB8FCA4A}.Release|iPhoneSimulator.Deploy.0 = Release|iPhoneSimulator
		{A394C035-B146-430E-90AE-6EF9DB8FCA4A}.Release|x64.ActiveCfg = Release|iPhone
		{A394C035-B146-430E-90AE-6EF9DB8FCA4A}.Release|x64.Build.0 = Release|iPhone
		{A394C035-B146-430E-90AE-6EF9DB8FCA4A}.Release|x64.Deploy.0 = Release|iPhone
		{A394C035-B146-430E-90AE-6EF9DB8FCA4A}.Release|x86.ActiveCfg = Release|iPhone
		{A394C035-B146-430E-90AE-6EF9DB8FCA4A}.Release|x86.Build.0 = Release|iPhone
		{A394C035-B146-430E-90AE-6EF9DB8FCA4A}.Release|x86.Deploy.0 = Release|iPhone
		{4973A5B3-8A67-424B-B66C-B2B0235F5568}.Ad-Hoc|Any CPU.ActiveCfg = Release|x86
		{4973A5B3-8A67-424B-B66C-B2B0235F5568}.Ad-Hoc|Any CPU.Build.0 = Release|x86
		{4973A5B3-8A67-424B-B66C-B2B0235F5568}.Ad-Hoc|Any CPU.Deploy.0 = Release|x86
		{4973A5B3-8A67-424B-B66C-B2B0235F5568}.Ad-Hoc|ARM.ActiveCfg = Release|ARM
		{4973A5B3-8A67-424B-B66C-B2B0235F5568}.Ad-Hoc|ARM.Build.0 = Release|ARM
		{4973A5B3-8A67-424B-B66C-B2B0235F5568}.Ad-Hoc|ARM.Deploy.0 = Release|ARM
		{4973A5B3-8A67-424B-B66C-B2B0235F5568}.Ad-Hoc|iPhone.ActiveCfg = Release|x86
		{4973A5B3-8A67-424B-B66C-B2B0235F5568}.Ad-Hoc|iPhone.Build.0 = Release|x86
		{4973A5B3-8A67-424B-B66C-B2B0235F5568}.Ad-Hoc|iPhone.Deploy.0 = Release|x86
		{4973A5B3-8A67-424B-B66C-B2B0235F5568}.Ad-Hoc|iPhoneSimulator.ActiveCfg = Release|x86
		{4973A5B3-8A67-424B-B66C-B2B0235F5568}.Ad-Hoc|iPhoneSimulator.Build.0 = Release|x86
		{4973A5B3-8A67-424B-B66C-B2B0235F5568}.Ad-Hoc|iPhoneSimulator.Deploy.0 = Release|x86
		{4973A5B3-8A67-424B-B66C-B2B0235F5568}.Ad-Hoc|x64.ActiveCfg = Release|x64
		{4973A5B3-8A67-424B-B66C-B2B0235F5568}.Ad-Hoc|x64.Build.0 = Release|x64
		{4973A5B3-8A67-424B-B66C-B2B0235F5568}.Ad-Hoc|x64.Deploy.0 = Release|x64
		{4973A5B3-8A67-424B-B66C-B2B0235F5568}.Ad-Hoc|x86.ActiveCfg = Release|x86
		{4973A5B3-8A67-424B-B66C-B2B0235F5568}.Ad-Hoc|x86.Build.0 = Release|x86
		{4973A5B3-8A67-424B-B66C-B2B0235F5568}.Ad-Hoc|x86.Deploy.0 = Release|x86
		{4973A5B3-8A67-424B-B66C-B2B0235F5568}.AppStore|Any CPU.ActiveCfg = Release|x86
		{4973A5B3-8A67-424B-B66C-B2B0235F5568}.AppStore|Any CPU.Build.0 = Release|x86
		{4973A5B3-8A67-424B-B66C-B2B0235F5568}.AppStore|Any CPU.Deploy.0 = Release|x86
		{4973A5B3-8A67-424B-B66C-B2B0235F5568}.AppStore|ARM.ActiveCfg = Release|ARM
		{4973A5B3-8A67-424B-B66C-B2B0235F5568}.AppStore|ARM.Build.0 = Release|ARM
		{4973A5B3-8A67-424B-B66C-B2B0235F5568}.AppStore|ARM.Deploy.0 = Release|ARM
		{4973A5B3-8A67-424B-B66C-B2B0235F5568}.AppStore|iPhone.ActiveCfg = Release|x86
		{4973A5B3-8A67-424B-B66C-B2B0235F5568}.AppStore|iPhone.Build.0 = Release|x86
		{4973A5B3-8A67-424B-B66C-B2B0235F5568}.AppStore|iPhone.Deploy.0 = Release|x86
		{4973A5B3-8A67-424B-B66C-B2B0235F5568}.AppStore|iPhoneSimulator.ActiveCfg = Release|x86
		{4973A5B3-8A67-424B-B66C-B2B0235F5568}.AppStore|iPhoneSimulator.Build.0 = Release|x86
		{4973A5B3-8A67-424B-B66C-B2B0235F5568}.AppStore|iPhoneSimulator.Deploy.0 = Release|x86
		{4973A5B3-8A67-424B-B66C-B2B0235F5568}.AppStore|x64.ActiveCfg = Release|x64
		{4973A5B3-8A67-424B-B66C-B2B0235F5568}.AppStore|x64.Build.0 = Release|x64
		{4973A5B3-8A67-424B-B66C-B2B0235F5568}.AppStore|x64.Deploy.0 = Release|x64
		{4973A5B3-8A67-424B-B66C-B2B0235F5568}.AppStore|x86.ActiveCfg = Release|x86
		{4973A5B3-8A67-424B-B66C-B2B0235F5568}.AppStore|x86.Build.0 = Release|x86
		{4973A5B3-8A67-424B-B66C-B2B0235F5568}.AppStore|x86.Deploy.0 = Release|x86
		{4973A5B3-8A67-424B-B66C-B2B0235F5568}.Debug|Any CPU.ActiveCfg = Debug|x86
		{4973A5B3-8A67-424B-B66C-B2B0235F5568}.Debug|Any CPU.Build.0 = Debug|x86
		{4973A5B3-8A67-424B-B66C-B2B0235F5568}.Debug|Any CPU.Deploy.0 = Debug|x86
		{4973A5B3-8A67-424B-B66C-B2B0235F5568}.Debug|ARM.ActiveCfg = Debug|ARM
		{4973A5B3-8A67-424B-B66C-B2B0235F5568}.Debug|ARM.Build.0 = Debug|ARM
		{4973A5B3-8A67-424B-B66C-B2B0235F5568}.Debug|ARM.Deploy.0 = Debug|ARM
		{4973A5B3-8A67-424B-B66C-B2B0235F5568}.Debug|iPhone.ActiveCfg = Debug|x86
		{4973A5B3-8A67-424B-B66C-B2B0235F5568}.Debug|iPhone.Build.0 = Debug|x86
		{4973A5B3-8A67-424B-B66C-B2B0235F5568}.Debug|iPhone.Deploy.0 = Debug|x86
		{4973A5B3-8A67-424B-B66C-B2B0235F5568}.Debug|iPhoneSimulator.ActiveCfg = Debug|x86
		{4973A5B3-8A67-424B-B66C-B2B0235F5568}.Debug|iPhoneSimulator.Build.0 = Debug|x86
		{4973A5B3-8A67-424B-B66C-B2B0235F5568}.Debug|iPhoneSimulator.Deploy.0 = Debug|x86
		{4973A5B3-8A67-424B-B66C-B2B0235F5568}.Debug|x64.ActiveCfg = Debug|x64
		{4973A5B3-8A67-424B-B66C-B2B0235F5568}.Debug|x64.Build.0 = Debug|x64
		{4973A5B3-8A67-424B-B66C-B2B0235F5568}.Debug|x64.Deploy.0 = Debug|x64
		{4973A5B3-8A67-424B-B66C-B2B0235F5568}.Debug|x86.ActiveCfg = Debug|x86
		{4973A5B3-8A67-424B-B66C-B2B0235F5568}.Debug|x86.Build.0 = Debug|x86
		{4973A5B3-8A67-424B-B66C-B2B0235F5568}.Debug|x86.Deploy.0 = Debug|x86
		{4973A5B3-8A67-424B-B66C-B2B0235F5568}.Release|Any CPU.ActiveCfg = Release|x86
		{4973A5B3-8A67-424B-B66C-B2B0235F5568}.Release|Any CPU.Build.0 = Release|x86
		{4973A5B3-8A67-424B-B66C-B2B0235F5568}.Release|Any CPU.Deploy.0 = Release|x86
		{4973A5B3-8A67-424B-B66C-B2B0235F5568}.Release|ARM.ActiveCfg = Release|ARM
		{4973A5B3-8A67-424B-B66C-B2B0235F5568}.Release|ARM.Build.0 = Release|ARM
		{4973A5B3-8A67-424B-B66C-B2B0235F5568}.Release|ARM.Deploy.0 = Release|ARM
		{4973A5B3-8A67-424B-B66C-B2B0235F5568}.Release|iPhone.ActiveCfg = Release|x86
		{4973A5B3-8A67-424B-B66C-B2B0235F5568}.Release|iPhone.Build.0 = Release|x86
		{4973A5B3-8A67-424B-B66C-B2B0235F5568}.Release|iPhone.Deploy.0 = Release|x86
		{4973A5B3-8A67-424B-B66C-B2B0235F5568}.Release|iPhoneSimulator.ActiveCfg = Release|x86
		{4973A5B3-8A67-424B-B66C-B2B0235F5568}.Release|iPhoneSimulator.Build.0 = Release|x86
		{4973A5B3-8A67-424B-B66C-B2B0235F5568}.Release|iPhoneSimulator.Deploy.0 = Release|x86
		{4973A5B3-8A67-424B-B66C-B2B0235F5568}.Release|x64.ActiveCfg = Release|x64
		{4973A5B3-8A67-424B-B66C-B2B0235F5568}.Release|x64.Build.0 = Release|x64
		{4973A5B3-8A67-424B-B66C-B2B0235F5568}.Release|x64.Deploy.0 = Release|x64
		{4973A5B3-8A67-424B-B66C-B2B0235F5568}.Release|x86.ActiveCfg = Release|x86
		{4973A5B3-8A67-424B-B66C-B2B0235F5568}.Release|x86.Build.0 = Release|x86
		{4973A5B3-8A67-424B-B66C-B2B0235F5568}.Release|x86.Deploy.0 = Release|x86
		{78C9BA08-7934-4321-8AF2-4E449FCC6AD4}.Ad-Hoc|Any CPU.ActiveCfg = Debug|Any CPU
		{78C9BA08-7934-4321-8AF2-4E449FCC6AD4}.Ad-Hoc|Any CPU.Build.0 = Debug|Any CPU
		{78C9BA08-7934-4321-8AF2-4E449FCC6AD4}.Ad-Hoc|Any CPU.Deploy.0 = Debug|Any CPU
		{78C9BA08-7934-4321-8AF2-4E449FCC6AD4}.Ad-Hoc|ARM.ActiveCfg = Debug|Any CPU
		{78C9BA08-7934-4321-8AF2-4E449FCC6AD4}.Ad-Hoc|ARM.Build.0 = Debug|Any CPU
		{78C9BA08-7934-4321-8AF2-4E449FCC6AD4}.Ad-Hoc|ARM.Deploy.0 = Debug|Any CPU
		{78C9BA08-7934-4321-8AF2-4E449FCC6AD4}.Ad-Hoc|iPhone.ActiveCfg = Debug|Any CPU
		{78C9BA08-7934-4321-8AF2-4E449FCC6AD4}.Ad-Hoc|iPhone.Build.0 = Debug|Any CPU
		{78C9BA08-7934-4321-8AF2-4E449FCC6AD4}.Ad-Hoc|iPhone.Deploy.0 = Debug|Any CPU
		{78C9BA08-7934-4321-8AF2-4E449FCC6AD4}.Ad-Hoc|iPhoneSimulator.ActiveCfg = Debug|Any CPU
		{78C9BA08-7934-4321-8AF2-4E449FCC6AD4}.Ad-Hoc|iPhoneSimulator.Build.0 = Debug|Any CPU
		{78C9BA08-7934-4321-8AF2-4E449FCC6AD4}.Ad-Hoc|iPhoneSimulator.Deploy.0 = Debug|Any CPU
		{78C9BA08-7934-4321-8AF2-4E449FCC6AD4}.Ad-Hoc|x64.ActiveCfg = Debug|Any CPU
		{78C9BA08-7934-4321-8AF2-4E449FCC6AD4}.Ad-Hoc|x64.Build.0 = Debug|Any CPU
		{78C9BA08-7934-4321-8AF2-4E449FCC6AD4}.Ad-Hoc|x64.Deploy.0 = Debug|Any CPU
		{78C9BA08-7934-4321-8AF2-4E449FCC6AD4}.Ad-Hoc|x86.ActiveCfg = Debug|Any CPU
		{78C9BA08-7934-4321-8AF2-4E449FCC6AD4}.Ad-Hoc|x86.Build.0 = Debug|Any CPU
		{78C9BA08-7934-4321-8AF2-4E449FCC6AD4}.Ad-Hoc|x86.Deploy.0 = Debug|Any CPU
		{78C9BA08-7934-4321-8AF2-4E449FCC6AD4}.AppStore|Any CPU.ActiveCfg = Debug|Any CPU
		{78C9BA08-7934-4321-8AF2-4E449FCC6AD4}.AppStore|Any CPU.Build.0 = Debug|Any CPU
		{78C9BA08-7934-4321-8AF2-4E449FCC6AD4}.AppStore|Any CPU.Deploy.0 = Debug|Any CPU
		{78C9BA08-7934-4321-8AF2-4E449FCC6AD4}.AppStore|ARM.ActiveCfg = Debug|Any CPU
		{78C9BA08-7934-4321-8AF2-4E449FCC6AD4}.AppStore|ARM.Build.0 = Debug|Any CPU
		{78C9BA08-7934-4321-8AF2-4E449FCC6AD4}.AppStore|ARM.Deploy.0 = Debug|Any CPU
		{78C9BA08-7934-4321-8AF2-4E449FCC6AD4}.AppStore|iPhone.ActiveCfg = Debug|Any CPU
		{78C9BA08-7934-4321-8AF2-4E449FCC6AD4}.AppStore|iPhone.Build.0 = Debug|Any CPU
		{78C9BA08-7934-4321-8AF2-4E449FCC6AD4}.AppStore|iPhone.Deploy.0 = Debug|Any CPU
		{78C9BA08-7934-4321-8AF2-4E449FCC6AD4}.AppStore|iPhoneSimulator.ActiveCfg = Debug|Any CPU
		{78C9BA08-7934-4321-8AF2-4E449FCC6AD4}.AppStore|iPhoneSimulator.Build.0 = Debug|Any CPU
		{78C9BA08-7934-4321-8AF2-4E449FCC6AD4}.AppStore|iPhoneSimulator.Deploy.0 = Debug|Any CPU
		{78C9BA08-7934-4321-8AF2-4E449FCC6AD4}.AppStore|x64.ActiveCfg = Debug|Any CPU
		{78C9BA08-7934-4321-8AF2-4E449FCC6AD4}.AppStore|x64.Build.0 = Debug|Any CPU
		{78C9BA08-7934-4321-8AF2-4E449FCC6AD4}.AppStore|x64.Deploy.0 = Debug|Any CPU
		{78C9BA08-7934-4321-8AF2-4E449FCC6AD4}.AppStore|x86.ActiveCfg = Debug|Any CPU
		{78C9BA08-7934-4321-8AF2-4E449FCC6AD4}.AppStore|x86.Build.0 = Debug|Any CPU
		{78C9BA08-7934-4321-8AF2-4E449FCC6AD4}.AppStore|x86.Deploy.0 = Debug|Any CPU
		{78C9BA08-7934-4321-8AF2-4E449FCC6AD4}.Debug|Any CPU.ActiveCfg = Debug|Any CPU
		{78C9BA08-7934-4321-8AF2-4E449FCC6AD4}.Debug|Any CPU.Build.0 = Debug|Any CPU
		{78C9BA08-7934-4321-8AF2-4E449FCC6AD4}.Debug|Any CPU.Deploy.0 = Debug|Any CPU
		{78C9BA08-7934-4321-8AF2-4E449FCC6AD4}.Debug|ARM.ActiveCfg = Debug|Any CPU
		{78C9BA08-7934-4321-8AF2-4E449FCC6AD4}.Debug|ARM.Build.0 = Debug|Any CPU
		{78C9BA08-7934-4321-8AF2-4E449FCC6AD4}.Debug|ARM.Deploy.0 = Debug|Any CPU
		{78C9BA08-7934-4321-8AF2-4E449FCC6AD4}.Debug|iPhone.ActiveCfg = Debug|Any CPU
		{78C9BA08-7934-4321-8AF2-4E449FCC6AD4}.Debug|iPhone.Build.0 = Debug|Any CPU
		{78C9BA08-7934-4321-8AF2-4E449FCC6AD4}.Debug|iPhone.Deploy.0 = Debug|Any CPU
		{78C9BA08-7934-4321-8AF2-4E449FCC6AD4}.Debug|iPhoneSimulator.ActiveCfg = Debug|Any CPU
		{78C9BA08-7934-4321-8AF2-4E449FCC6AD4}.Debug|iPhoneSimulator.Build.0 = Debug|Any CPU
		{78C9BA08-7934-4321-8AF2-4E449FCC6AD4}.Debug|iPhoneSimulator.Deploy.0 = Debug|Any CPU
		{78C9BA08-7934-4321-8AF2-4E449FCC6AD4}.Debug|x64.ActiveCfg = Debug|Any CPU
		{78C9BA08-7934-4321-8AF2-4E449FCC6AD4}.Debug|x64.Build.0 = Debug|Any CPU
		{78C9BA08-7934-4321-8AF2-4E449FCC6AD4}.Debug|x64.Deploy.0 = Debug|Any CPU
		{78C9BA08-7934-4321-8AF2-4E449FCC6AD4}.Debug|x86.ActiveCfg = Debug|Any CPU
		{78C9BA08-7934-4321-8AF2-4E449FCC6AD4}.Debug|x86.Build.0 = Debug|Any CPU
		{78C9BA08-7934-4321-8AF2-4E449FCC6AD4}.Debug|x86.Deploy.0 = Debug|Any CPU
		{78C9BA08-7934-4321-8AF2-4E449FCC6AD4}.Release|Any CPU.ActiveCfg = Release|Any CPU
		{78C9BA08-7934-4321-8AF2-4E449FCC6AD4}.Release|Any CPU.Build.0 = Release|Any CPU
		{78C9BA08-7934-4321-8AF2-4E449FCC6AD4}.Release|Any CPU.Deploy.0 = Release|Any CPU
		{78C9BA08-7934-4321-8AF2-4E449FCC6AD4}.Release|ARM.ActiveCfg = Release|Any CPU
		{78C9BA08-7934-4321-8AF2-4E449FCC6AD4}.Release|ARM.Build.0 = Release|Any CPU
		{78C9BA08-7934-4321-8AF2-4E449FCC6AD4}.Release|ARM.Deploy.0 = Release|Any CPU
		{78C9BA08-7934-4321-8AF2-4E449FCC6AD4}.Release|iPhone.ActiveCfg = Release|Any CPU
		{78C9BA08-7934-4321-8AF2-4E449FCC6AD4}.Release|iPhone.Build.0 = Release|Any CPU
		{78C9BA08-7934-4321-8AF2-4E449FCC6AD4}.Release|iPhone.Deploy.0 = Release|Any CPU
		{78C9BA08-7934-4321-8AF2-4E449FCC6AD4}.Release|iPhoneSimulator.ActiveCfg = Release|Any CPU
		{78C9BA08-7934-4321-8AF2-4E449FCC6AD4}.Release|iPhoneSimulator.Build.0 = Release|Any CPU
		{78C9BA08-7934-4321-8AF2-4E449FCC6AD4}.Release|iPhoneSimulator.Deploy.0 = Release|Any CPU
		{78C9BA08-7934-4321-8AF2-4E449FCC6AD4}.Release|x64.ActiveCfg = Release|Any CPU
		{78C9BA08-7934-4321-8AF2-4E449FCC6AD4}.Release|x64.Build.0 = Release|Any CPU
		{78C9BA08-7934-4321-8AF2-4E449FCC6AD4}.Release|x64.Deploy.0 = Release|Any CPU
		{78C9BA08-7934-4321-8AF2-4E449FCC6AD4}.Release|x86.ActiveCfg = Release|Any CPU
		{78C9BA08-7934-4321-8AF2-4E449FCC6AD4}.Release|x86.Build.0 = Release|Any CPU
		{78C9BA08-7934-4321-8AF2-4E449FCC6AD4}.Release|x86.Deploy.0 = Release|Any CPU
		{6FEDB929-89DA-475E-981B-BD883004A7FC}.Ad-Hoc|Any CPU.ActiveCfg = Release|Any CPU
		{6FEDB929-89DA-475E-981B-BD883004A7FC}.Ad-Hoc|Any CPU.Build.0 = Release|Any CPU
		{6FEDB929-89DA-475E-981B-BD883004A7FC}.Ad-Hoc|ARM.ActiveCfg = Release|Any CPU
		{6FEDB929-89DA-475E-981B-BD883004A7FC}.Ad-Hoc|ARM.Build.0 = Release|Any CPU
		{6FEDB929-89DA-475E-981B-BD883004A7FC}.Ad-Hoc|iPhone.ActiveCfg = Release|Any CPU
		{6FEDB929-89DA-475E-981B-BD883004A7FC}.Ad-Hoc|iPhone.Build.0 = Release|Any CPU
		{6FEDB929-89DA-475E-981B-BD883004A7FC}.Ad-Hoc|iPhoneSimulator.ActiveCfg = Release|Any CPU
		{6FEDB929-89DA-475E-981B-BD883004A7FC}.Ad-Hoc|iPhoneSimulator.Build.0 = Release|Any CPU
		{6FEDB929-89DA-475E-981B-BD883004A7FC}.Ad-Hoc|x64.ActiveCfg = Release|Any CPU
		{6FEDB929-89DA-475E-981B-BD883004A7FC}.Ad-Hoc|x64.Build.0 = Release|Any CPU
		{6FEDB929-89DA-475E-981B-BD883004A7FC}.Ad-Hoc|x86.ActiveCfg = Release|Any CPU
		{6FEDB929-89DA-475E-981B-BD883004A7FC}.Ad-Hoc|x86.Build.0 = Release|Any CPU
		{6FEDB929-89DA-475E-981B-BD883004A7FC}.AppStore|Any CPU.ActiveCfg = Release|Any CPU
		{6FEDB929-89DA-475E-981B-BD883004A7FC}.AppStore|Any CPU.Build.0 = Release|Any CPU
		{6FEDB929-89DA-475E-981B-BD883004A7FC}.AppStore|ARM.ActiveCfg = Release|Any CPU
		{6FEDB929-89DA-475E-981B-BD883004A7FC}.AppStore|ARM.Build.0 = Release|Any CPU
		{6FEDB929-89DA-475E-981B-BD883004A7FC}.AppStore|iPhone.ActiveCfg = Release|Any CPU
		{6FEDB929-89DA-475E-981B-BD883004A7FC}.AppStore|iPhone.Build.0 = Release|Any CPU
		{6FEDB929-89DA-475E-981B-BD883004A7FC}.AppStore|iPhoneSimulator.ActiveCfg = Release|Any CPU
		{6FEDB929-89DA-475E-981B-BD883004A7FC}.AppStore|iPhoneSimulator.Build.0 = Release|Any CPU
		{6FEDB929-89DA-475E-981B-BD883004A7FC}.AppStore|x64.ActiveCfg = Release|Any CPU
		{6FEDB929-89DA-475E-981B-BD883004A7FC}.AppStore|x64.Build.0 = Release|Any CPU
		{6FEDB929-89DA-475E-981B-BD883004A7FC}.AppStore|x86.ActiveCfg = Release|Any CPU
		{6FEDB929-89DA-475E-981B-BD883004A7FC}.AppStore|x86.Build.0 = Release|Any CPU
		{6FEDB929-89DA-475E-981B-BD883004A7FC}.Debug|Any CPU.ActiveCfg = Debug|Any CPU
		{6FEDB929-89DA-475E-981B-BD883004A7FC}.Debug|Any CPU.Build.0 = Debug|Any CPU
		{6FEDB929-89DA-475E-981B-BD883004A7FC}.Debug|ARM.ActiveCfg = Debug|Any CPU
		{6FEDB929-89DA-475E-981B-BD883004A7FC}.Debug|ARM.Build.0 = Debug|Any CPU
		{6FEDB929-89DA-475E-981B-BD883004A7FC}.Debug|iPhone.ActiveCfg = Debug|Any CPU
		{6FEDB929-89DA-475E-981B-BD883004A7FC}.Debug|iPhone.Build.0 = Debug|Any CPU
		{6FEDB929-89DA-475E-981B-BD883004A7FC}.Debug|iPhoneSimulator.ActiveCfg = Debug|Any CPU
		{6FEDB929-89DA-475E-981B-BD883004A7FC}.Debug|iPhoneSimulator.Build.0 = Debug|Any CPU
		{6FEDB929-89DA-475E-981B-BD883004A7FC}.Debug|x64.ActiveCfg = Debug|Any CPU
		{6FEDB929-89DA-475E-981B-BD883004A7FC}.Debug|x64.Build.0 = Debug|Any CPU
		{6FEDB929-89DA-475E-981B-BD883004A7FC}.Debug|x86.ActiveCfg = Debug|Any CPU
		{6FEDB929-89DA-475E-981B-BD883004A7FC}.Debug|x86.Build.0 = Debug|Any CPU
		{6FEDB929-89DA-475E-981B-BD883004A7FC}.Release|Any CPU.ActiveCfg = Release|Any CPU
		{6FEDB929-89DA-475E-981B-BD883004A7FC}.Release|Any CPU.Build.0 = Release|Any CPU
		{6FEDB929-89DA-475E-981B-BD883004A7FC}.Release|ARM.ActiveCfg = Release|Any CPU
		{6FEDB929-89DA-475E-981B-BD883004A7FC}.Release|ARM.Build.0 = Release|Any CPU
		{6FEDB929-89DA-475E-981B-BD883004A7FC}.Release|iPhone.ActiveCfg = Release|Any CPU
		{6FEDB929-89DA-475E-981B-BD883004A7FC}.Release|iPhone.Build.0 = Release|Any CPU
		{6FEDB929-89DA-475E-981B-BD883004A7FC}.Release|iPhoneSimulator.ActiveCfg = Release|Any CPU
		{6FEDB929-89DA-475E-981B-BD883004A7FC}.Release|iPhoneSimulator.Build.0 = Release|Any CPU
		{6FEDB929-89DA-475E-981B-BD883004A7FC}.Release|x64.ActiveCfg = Release|Any CPU
		{6FEDB929-89DA-475E-981B-BD883004A7FC}.Release|x64.Build.0 = Release|Any CPU
		{6FEDB929-89DA-475E-981B-BD883004A7FC}.Release|x86.ActiveCfg = Release|Any CPU
		{6FEDB929-89DA-475E-981B-BD883004A7FC}.Release|x86.Build.0 = Release|Any CPU
		{9E9A9CC5-54A9-4CDD-BFD2-21F3B7066E01}.Ad-Hoc|Any CPU.ActiveCfg = Release|Any CPU
		{9E9A9CC5-54A9-4CDD-BFD2-21F3B7066E01}.Ad-Hoc|Any CPU.Build.0 = Release|Any CPU
		{9E9A9CC5-54A9-4CDD-BFD2-21F3B7066E01}.Ad-Hoc|ARM.ActiveCfg = Release|Any CPU
		{9E9A9CC5-54A9-4CDD-BFD2-21F3B7066E01}.Ad-Hoc|ARM.Build.0 = Release|Any CPU
		{9E9A9CC5-54A9-4CDD-BFD2-21F3B7066E01}.Ad-Hoc|iPhone.ActiveCfg = Release|Any CPU
		{9E9A9CC5-54A9-4CDD-BFD2-21F3B7066E01}.Ad-Hoc|iPhone.Build.0 = Release|Any CPU
		{9E9A9CC5-54A9-4CDD-BFD2-21F3B7066E01}.Ad-Hoc|iPhoneSimulator.ActiveCfg = Release|Any CPU
		{9E9A9CC5-54A9-4CDD-BFD2-21F3B7066E01}.Ad-Hoc|iPhoneSimulator.Build.0 = Release|Any CPU
		{9E9A9CC5-54A9-4CDD-BFD2-21F3B7066E01}.Ad-Hoc|x64.ActiveCfg = Release|Any CPU
		{9E9A9CC5-54A9-4CDD-BFD2-21F3B7066E01}.Ad-Hoc|x64.Build.0 = Release|Any CPU
		{9E9A9CC5-54A9-4CDD-BFD2-21F3B7066E01}.Ad-Hoc|x86.ActiveCfg = Release|Any CPU
		{9E9A9CC5-54A9-4CDD-BFD2-21F3B7066E01}.Ad-Hoc|x86.Build.0 = Release|Any CPU
		{9E9A9CC5-54A9-4CDD-BFD2-21F3B7066E01}.AppStore|Any CPU.ActiveCfg = Release|Any CPU
		{9E9A9CC5-54A9-4CDD-BFD2-21F3B7066E01}.AppStore|Any CPU.Build.0 = Release|Any CPU
		{9E9A9CC5-54A9-4CDD-BFD2-21F3B7066E01}.AppStore|ARM.ActiveCfg = Release|Any CPU
		{9E9A9CC5-54A9-4CDD-BFD2-21F3B7066E01}.AppStore|ARM.Build.0 = Release|Any CPU
		{9E9A9CC5-54A9-4CDD-BFD2-21F3B7066E01}.AppStore|iPhone.ActiveCfg = Release|Any CPU
		{9E9A9CC5-54A9-4CDD-BFD2-21F3B7066E01}.AppStore|iPhone.Build.0 = Release|Any CPU
		{9E9A9CC5-54A9-4CDD-BFD2-21F3B7066E01}.AppStore|iPhoneSimulator.ActiveCfg = Release|Any CPU
		{9E9A9CC5-54A9-4CDD-BFD2-21F3B7066E01}.AppStore|iPhoneSimulator.Build.0 = Release|Any CPU
		{9E9A9CC5-54A9-4CDD-BFD2-21F3B7066E01}.AppStore|x64.ActiveCfg = Release|Any CPU
		{9E9A9CC5-54A9-4CDD-BFD2-21F3B7066E01}.AppStore|x64.Build.0 = Release|Any CPU
		{9E9A9CC5-54A9-4CDD-BFD2-21F3B7066E01}.AppStore|x86.ActiveCfg = Release|Any CPU
		{9E9A9CC5-54A9-4CDD-BFD2-21F3B7066E01}.AppStore|x86.Build.0 = Release|Any CPU
		{9E9A9CC5-54A9-4CDD-BFD2-21F3B7066E01}.Debug|Any CPU.ActiveCfg = Debug|Any CPU
		{9E9A9CC5-54A9-4CDD-BFD2-21F3B7066E01}.Debug|Any CPU.Build.0 = Debug|Any CPU
		{9E9A9CC5-54A9-4CDD-BFD2-21F3B7066E01}.Debug|ARM.ActiveCfg = Debug|Any CPU
		{9E9A9CC5-54A9-4CDD-BFD2-21F3B7066E01}.Debug|ARM.Build.0 = Debug|Any CPU
		{9E9A9CC5-54A9-4CDD-BFD2-21F3B7066E01}.Debug|iPhone.ActiveCfg = Debug|Any CPU
		{9E9A9CC5-54A9-4CDD-BFD2-21F3B7066E01}.Debug|iPhone.Build.0 = Debug|Any CPU
		{9E9A9CC5-54A9-4CDD-BFD2-21F3B7066E01}.Debug|iPhoneSimulator.ActiveCfg = Debug|Any CPU
		{9E9A9CC5-54A9-4CDD-BFD2-21F3B7066E01}.Debug|iPhoneSimulator.Build.0 = Debug|Any CPU
		{9E9A9CC5-54A9-4CDD-BFD2-21F3B7066E01}.Debug|x64.ActiveCfg = Debug|Any CPU
		{9E9A9CC5-54A9-4CDD-BFD2-21F3B7066E01}.Debug|x64.Build.0 = Debug|Any CPU
		{9E9A9CC5-54A9-4CDD-BFD2-21F3B7066E01}.Debug|x86.ActiveCfg = Debug|Any CPU
		{9E9A9CC5-54A9-4CDD-BFD2-21F3B7066E01}.Debug|x86.Build.0 = Debug|Any CPU
		{9E9A9CC5-54A9-4CDD-BFD2-21F3B7066E01}.Release|Any CPU.ActiveCfg = Release|Any CPU
		{9E9A9CC5-54A9-4CDD-BFD2-21F3B7066E01}.Release|Any CPU.Build.0 = Release|Any CPU
		{9E9A9CC5-54A9-4CDD-BFD2-21F3B7066E01}.Release|ARM.ActiveCfg = Release|Any CPU
		{9E9A9CC5-54A9-4CDD-BFD2-21F3B7066E01}.Release|ARM.Build.0 = Release|Any CPU
		{9E9A9CC5-54A9-4CDD-BFD2-21F3B7066E01}.Release|iPhone.ActiveCfg = Release|Any CPU
		{9E9A9CC5-54A9-4CDD-BFD2-21F3B7066E01}.Release|iPhone.Build.0 = Release|Any CPU
		{9E9A9CC5-54A9-4CDD-BFD2-21F3B7066E01}.Release|iPhoneSimulator.ActiveCfg = Release|Any CPU
		{9E9A9CC5-54A9-4CDD-BFD2-21F3B7066E01}.Release|iPhoneSimulator.Build.0 = Release|Any CPU
		{9E9A9CC5-54A9-4CDD-BFD2-21F3B7066E01}.Release|x64.ActiveCfg = Release|Any CPU
		{9E9A9CC5-54A9-4CDD-BFD2-21F3B7066E01}.Release|x64.Build.0 = Release|Any CPU
		{9E9A9CC5-54A9-4CDD-BFD2-21F3B7066E01}.Release|x86.ActiveCfg = Release|Any CPU
		{9E9A9CC5-54A9-4CDD-BFD2-21F3B7066E01}.Release|x86.Build.0 = Release|Any CPU
		{01EB1650-378C-4367-A980-0C4AC7D9C786}.Ad-Hoc|Any CPU.ActiveCfg = Release|Any CPU
		{01EB1650-378C-4367-A980-0C4AC7D9C786}.Ad-Hoc|Any CPU.Build.0 = Release|Any CPU
		{01EB1650-378C-4367-A980-0C4AC7D9C786}.Ad-Hoc|ARM.ActiveCfg = Release|Any CPU
		{01EB1650-378C-4367-A980-0C4AC7D9C786}.Ad-Hoc|ARM.Build.0 = Release|Any CPU
		{01EB1650-378C-4367-A980-0C4AC7D9C786}.Ad-Hoc|iPhone.ActiveCfg = Release|Any CPU
		{01EB1650-378C-4367-A980-0C4AC7D9C786}.Ad-Hoc|iPhone.Build.0 = Release|Any CPU
		{01EB1650-378C-4367-A980-0C4AC7D9C786}.Ad-Hoc|iPhoneSimulator.ActiveCfg = Release|Any CPU
		{01EB1650-378C-4367-A980-0C4AC7D9C786}.Ad-Hoc|iPhoneSimulator.Build.0 = Release|Any CPU
		{01EB1650-378C-4367-A980-0C4AC7D9C786}.Ad-Hoc|x64.ActiveCfg = Release|Any CPU
		{01EB1650-378C-4367-A980-0C4AC7D9C786}.Ad-Hoc|x64.Build.0 = Release|Any CPU
		{01EB1650-378C-4367-A980-0C4AC7D9C786}.Ad-Hoc|x86.ActiveCfg = Release|Any CPU
		{01EB1650-378C-4367-A980-0C4AC7D9C786}.Ad-Hoc|x86.Build.0 = Release|Any CPU
		{01EB1650-378C-4367-A980-0C4AC7D9C786}.AppStore|Any CPU.ActiveCfg = Release|Any CPU
		{01EB1650-378C-4367-A980-0C4AC7D9C786}.AppStore|Any CPU.Build.0 = Release|Any CPU
		{01EB1650-378C-4367-A980-0C4AC7D9C786}.AppStore|ARM.ActiveCfg = Release|Any CPU
		{01EB1650-378C-4367-A980-0C4AC7D9C786}.AppStore|ARM.Build.0 = Release|Any CPU
		{01EB1650-378C-4367-A980-0C4AC7D9C786}.AppStore|iPhone.ActiveCfg = Release|Any CPU
		{01EB1650-378C-4367-A980-0C4AC7D9C786}.AppStore|iPhone.Build.0 = Release|Any CPU
		{01EB1650-378C-4367-A980-0C4AC7D9C786}.AppStore|iPhoneSimulator.ActiveCfg = Release|Any CPU
		{01EB1650-378C-4367-A980-0C4AC7D9C786}.AppStore|iPhoneSimulator.Build.0 = Release|Any CPU
		{01EB1650-378C-4367-A980-0C4AC7D9C786}.AppStore|x64.ActiveCfg = Release|Any CPU
		{01EB1650-378C-4367-A980-0C4AC7D9C786}.AppStore|x64.Build.0 = Release|Any CPU
		{01EB1650-378C-4367-A980-0C4AC7D9C786}.AppStore|x86.ActiveCfg = Release|Any CPU
		{01EB1650-378C-4367-A980-0C4AC7D9C786}.AppStore|x86.Build.0 = Release|Any CPU
		{01EB1650-378C-4367-A980-0C4AC7D9C786}.Debug|Any CPU.ActiveCfg = Debug|Any CPU
		{01EB1650-378C-4367-A980-0C4AC7D9C786}.Debug|Any CPU.Build.0 = Debug|Any CPU
		{01EB1650-378C-4367-A980-0C4AC7D9C786}.Debug|ARM.ActiveCfg = Debug|Any CPU
		{01EB1650-378C-4367-A980-0C4AC7D9C786}.Debug|ARM.Build.0 = Debug|Any CPU
		{01EB1650-378C-4367-A980-0C4AC7D9C786}.Debug|iPhone.ActiveCfg = Debug|Any CPU
		{01EB1650-378C-4367-A980-0C4AC7D9C786}.Debug|iPhone.Build.0 = Debug|Any CPU
		{01EB1650-378C-4367-A980-0C4AC7D9C786}.Debug|iPhoneSimulator.ActiveCfg = Debug|Any CPU
		{01EB1650-378C-4367-A980-0C4AC7D9C786}.Debug|iPhoneSimulator.Build.0 = Debug|Any CPU
		{01EB1650-378C-4367-A980-0C4AC7D9C786}.Debug|x64.ActiveCfg = Debug|Any CPU
		{01EB1650-378C-4367-A980-0C4AC7D9C786}.Debug|x64.Build.0 = Debug|Any CPU
		{01EB1650-378C-4367-A980-0C4AC7D9C786}.Debug|x86.ActiveCfg = Debug|Any CPU
		{01EB1650-378C-4367-A980-0C4AC7D9C786}.Debug|x86.Build.0 = Debug|Any CPU
		{01EB1650-378C-4367-A980-0C4AC7D9C786}.Release|Any CPU.ActiveCfg = Release|Any CPU
		{01EB1650-378C-4367-A980-0C4AC7D9C786}.Release|Any CPU.Build.0 = Release|Any CPU
		{01EB1650-378C-4367-A980-0C4AC7D9C786}.Release|ARM.ActiveCfg = Release|Any CPU
		{01EB1650-378C-4367-A980-0C4AC7D9C786}.Release|ARM.Build.0 = Release|Any CPU
		{01EB1650-378C-4367-A980-0C4AC7D9C786}.Release|iPhone.ActiveCfg = Release|Any CPU
		{01EB1650-378C-4367-A980-0C4AC7D9C786}.Release|iPhone.Build.0 = Release|Any CPU
		{01EB1650-378C-4367-A980-0C4AC7D9C786}.Release|iPhoneSimulator.ActiveCfg = Release|Any CPU
		{01EB1650-378C-4367-A980-0C4AC7D9C786}.Release|iPhoneSimulator.Build.0 = Release|Any CPU
		{01EB1650-378C-4367-A980-0C4AC7D9C786}.Release|x64.ActiveCfg = Release|Any CPU
		{01EB1650-378C-4367-A980-0C4AC7D9C786}.Release|x64.Build.0 = Release|Any CPU
		{01EB1650-378C-4367-A980-0C4AC7D9C786}.Release|x86.ActiveCfg = Release|Any CPU
		{01EB1650-378C-4367-A980-0C4AC7D9C786}.Release|x86.Build.0 = Release|Any CPU
		{DC96E41B-E07E-49DC-88D9-073758821EEA}.Ad-Hoc|Any CPU.ActiveCfg = Release|Any CPU
		{DC96E41B-E07E-49DC-88D9-073758821EEA}.Ad-Hoc|Any CPU.Build.0 = Release|Any CPU
		{DC96E41B-E07E-49DC-88D9-073758821EEA}.Ad-Hoc|ARM.ActiveCfg = Release|Any CPU
		{DC96E41B-E07E-49DC-88D9-073758821EEA}.Ad-Hoc|ARM.Build.0 = Release|Any CPU
		{DC96E41B-E07E-49DC-88D9-073758821EEA}.Ad-Hoc|iPhone.ActiveCfg = Release|Any CPU
		{DC96E41B-E07E-49DC-88D9-073758821EEA}.Ad-Hoc|iPhone.Build.0 = Release|Any CPU
		{DC96E41B-E07E-49DC-88D9-073758821EEA}.Ad-Hoc|iPhoneSimulator.ActiveCfg = Release|Any CPU
		{DC96E41B-E07E-49DC-88D9-073758821EEA}.Ad-Hoc|iPhoneSimulator.Build.0 = Release|Any CPU
		{DC96E41B-E07E-49DC-88D9-073758821EEA}.Ad-Hoc|x64.ActiveCfg = Release|Any CPU
		{DC96E41B-E07E-49DC-88D9-073758821EEA}.Ad-Hoc|x64.Build.0 = Release|Any CPU
		{DC96E41B-E07E-49DC-88D9-073758821EEA}.Ad-Hoc|x86.ActiveCfg = Release|Any CPU
		{DC96E41B-E07E-49DC-88D9-073758821EEA}.Ad-Hoc|x86.Build.0 = Release|Any CPU
		{DC96E41B-E07E-49DC-88D9-073758821EEA}.AppStore|Any CPU.ActiveCfg = Release|Any CPU
		{DC96E41B-E07E-49DC-88D9-073758821EEA}.AppStore|Any CPU.Build.0 = Release|Any CPU
		{DC96E41B-E07E-49DC-88D9-073758821EEA}.AppStore|ARM.ActiveCfg = Release|Any CPU
		{DC96E41B-E07E-49DC-88D9-073758821EEA}.AppStore|ARM.Build.0 = Release|Any CPU
		{DC96E41B-E07E-49DC-88D9-073758821EEA}.AppStore|iPhone.ActiveCfg = Release|Any CPU
		{DC96E41B-E07E-49DC-88D9-073758821EEA}.AppStore|iPhone.Build.0 = Release|Any CPU
		{DC96E41B-E07E-49DC-88D9-073758821EEA}.AppStore|iPhoneSimulator.ActiveCfg = Release|Any CPU
		{DC96E41B-E07E-49DC-88D9-073758821EEA}.AppStore|iPhoneSimulator.Build.0 = Release|Any CPU
		{DC96E41B-E07E-49DC-88D9-073758821EEA}.AppStore|x64.ActiveCfg = Release|Any CPU
		{DC96E41B-E07E-49DC-88D9-073758821EEA}.AppStore|x64.Build.0 = Release|Any CPU
		{DC96E41B-E07E-49DC-88D9-073758821EEA}.AppStore|x86.ActiveCfg = Release|Any CPU
		{DC96E41B-E07E-49DC-88D9-073758821EEA}.AppStore|x86.Build.0 = Release|Any CPU
		{DC96E41B-E07E-49DC-88D9-073758821EEA}.Debug|Any CPU.ActiveCfg = Debug|Any CPU
		{DC96E41B-E07E-49DC-88D9-073758821EEA}.Debug|Any CPU.Build.0 = Debug|Any CPU
		{DC96E41B-E07E-49DC-88D9-073758821EEA}.Debug|ARM.ActiveCfg = Debug|Any CPU
		{DC96E41B-E07E-49DC-88D9-073758821EEA}.Debug|ARM.Build.0 = Debug|Any CPU
		{DC96E41B-E07E-49DC-88D9-073758821EEA}.Debug|iPhone.ActiveCfg = Debug|Any CPU
		{DC96E41B-E07E-49DC-88D9-073758821EEA}.Debug|iPhone.Build.0 = Debug|Any CPU
		{DC96E41B-E07E-49DC-88D9-073758821EEA}.Debug|iPhoneSimulator.ActiveCfg = Debug|Any CPU
		{DC96E41B-E07E-49DC-88D9-073758821EEA}.Debug|iPhoneSimulator.Build.0 = Debug|Any CPU
		{DC96E41B-E07E-49DC-88D9-073758821EEA}.Debug|x64.ActiveCfg = Debug|Any CPU
		{DC96E41B-E07E-49DC-88D9-073758821EEA}.Debug|x64.Build.0 = Debug|Any CPU
		{DC96E41B-E07E-49DC-88D9-073758821EEA}.Debug|x86.ActiveCfg = Debug|Any CPU
		{DC96E41B-E07E-49DC-88D9-073758821EEA}.Debug|x86.Build.0 = Debug|Any CPU
		{DC96E41B-E07E-49DC-88D9-073758821EEA}.Release|Any CPU.ActiveCfg = Release|Any CPU
		{DC96E41B-E07E-49DC-88D9-073758821EEA}.Release|Any CPU.Build.0 = Release|Any CPU
		{DC96E41B-E07E-49DC-88D9-073758821EEA}.Release|ARM.ActiveCfg = Release|Any CPU
		{DC96E41B-E07E-49DC-88D9-073758821EEA}.Release|ARM.Build.0 = Release|Any CPU
		{DC96E41B-E07E-49DC-88D9-073758821EEA}.Release|iPhone.ActiveCfg = Release|Any CPU
		{DC96E41B-E07E-49DC-88D9-073758821EEA}.Release|iPhone.Build.0 = Release|Any CPU
		{DC96E41B-E07E-49DC-88D9-073758821EEA}.Release|iPhoneSimulator.ActiveCfg = Release|Any CPU
		{DC96E41B-E07E-49DC-88D9-073758821EEA}.Release|iPhoneSimulator.Build.0 = Release|Any CPU
		{DC96E41B-E07E-49DC-88D9-073758821EEA}.Release|x64.ActiveCfg = Release|Any CPU
		{DC96E41B-E07E-49DC-88D9-073758821EEA}.Release|x64.Build.0 = Release|Any CPU
		{DC96E41B-E07E-49DC-88D9-073758821EEA}.Release|x86.ActiveCfg = Release|Any CPU
		{DC96E41B-E07E-49DC-88D9-073758821EEA}.Release|x86.Build.0 = Release|Any CPU
	EndGlobalSection
	GlobalSection(SolutionProperties) = preSolution
		HideSolutionNode = FALSE
	EndGlobalSection
	GlobalSection(ExtensibilityGlobals) = postSolution
		SolutionGuid = {59518996-1B5A-4AC6-B3BA-CAE6F793B32B}
	EndGlobalSection
EndGlobal
